
Microsoft Visual Studio Solution File, Format Version 12.00
# Visual Studio 15
VisualStudioVersion = 15.0.28307.168
MinimumVisualStudioVersion = 10.0.40219.1
Project("{FAE04EC0-301F-11D3-BF4B-00C04F79EFBC}") = "LabSystem2", "LabSystem2\LabSystem2.csproj", "{1EDE5D76-7469-4493-9703-ABE0426693C1}"
EndProject
Project("{FAE04EC0-301F-11D3-BF4B-00C04F79EFBC}") = "LabSystem2.Tests", "LabSystem2.Tests\LabSystem2.Tests.csproj", "{D94D4423-9855-4380-83B6-DC363F23F856}"
EndProject
Global
	GlobalSection(SolutionConfigurationPlatforms) = preSolution
		Debug|Any CPU = Debug|Any CPU
		Release|Any CPU = Release|Any CPU
	EndGlobalSection
	GlobalSection(ProjectConfigurationPlatforms) = postSolution
		{1EDE5D76-7469-4493-9703-ABE0426693C1}.Debug|Any CPU.ActiveCfg = Debug|Any CPU
		{1EDE5D76-7469-4493-9703-ABE0426693C1}.Debug|Any CPU.Build.0 = Debug|Any CPU
		{1EDE5D76-7469-4493-9703-ABE0426693C1}.Release|Any CPU.ActiveCfg = Release|Any CPU
		{1EDE5D76-7469-4493-9703-ABE0426693C1}.Release|Any CPU.Build.0 = Release|Any CPU
		{D94D4423-9855-4380-83B6-DC363F23F856}.Debug|Any CPU.ActiveCfg = Debug|Any CPU
		{D94D4423-9855-4380-83B6-DC363F23F856}.Debug|Any CPU.Build.0 = Debug|Any CPU
		{D94D4423-9855-4380-83B6-DC363F23F856}.Release|Any CPU.ActiveCfg = Release|Any CPU
		{D94D4423-9855-4380-83B6-DC363F23F856}.Release|Any CPU.Build.0 = Release|Any CPU
	EndGlobalSection
	GlobalSection(SolutionProperties) = preSolution
		HideSolutionNode = FALSE
	EndGlobalSection
	GlobalSection(ExtensibilityGlobals) = postSolution
		SolutionGuid = {AFBFE7E1-F0C0-41BA-9762-31E76AEC8040}
	EndGlobalSection
EndGlobal
